
Microsoft Visual Studio Solution File, Format Version 12.00
# Visual Studio Version 16
VisualStudioVersion = 16.0.31702.278
MinimumVisualStudioVersion = 10.0.40219.1
Project("{FAE04EC0-301F-11D3-BF4B-00C04F79EFBC}") = "sangEratosthenes", "sangEratosthenes\sangEratosthenes.csproj", "{C4C932D2-32C7-47CB-B501-6077410139F1}"
EndProject
Global
	GlobalSection(SolutionConfigurationPlatforms) = preSolution
		Debug|Any CPU = Debug|Any CPU
		Release|Any CPU = Release|Any CPU
	EndGlobalSection
	GlobalSection(ProjectConfigurationPlatforms) = postSolution
		{C4C932D2-32C7-47CB-B501-6077410139F1}.Debug|Any CPU.ActiveCfg = Debug|Any CPU
		{C4C932D2-32C7-47CB-B501-6077410139F1}.Debug|Any CPU.Build.0 = Debug|Any CPU
		{C4C932D2-32C7-47CB-B501-6077410139F1}.Release|Any CPU.ActiveCfg = Release|Any CPU
		{C4C932D2-32C7-47CB-B501-6077410139F1}.Release|Any CPU.Build.0 = Release|Any CPU
	EndGlobalSection
	GlobalSection(SolutionProperties) = preSolution
		HideSolutionNode = FALSE
	EndGlobalSection
	GlobalSection(ExtensibilityGlobals) = postSolution
		SolutionGuid = {03C8A7C0-E4B7-4629-BD53-126324D7CC1E}
	EndGlobalSection
EndGlobal
