
Microsoft Visual Studio Solution File, Format Version 12.00
# Visual Studio Version 16
VisualStudioVersion = 16.0.31702.278
MinimumVisualStudioVersion = 10.0.40219.1
Project("{FAE04EC0-301F-11D3-BF4B-00C04F79EFBC}") = "sangEratosthenes", "sangEratosthenes\sangEratosthenes.csproj", "{D767DDF8-F493-4E76-B8C6-D64847414166}"
EndProject
Global
	GlobalSection(SolutionConfigurationPlatforms) = preSolution
		Debug|Any CPU = Debug|Any CPU
		Release|Any CPU = Release|Any CPU
	EndGlobalSection
	GlobalSection(ProjectConfigurationPlatforms) = postSolution
		{D767DDF8-F493-4E76-B8C6-D64847414166}.Debug|Any CPU.ActiveCfg = Debug|Any CPU
		{D767DDF8-F493-4E76-B8C6-D64847414166}.Debug|Any CPU.Build.0 = Debug|Any CPU
		{D767DDF8-F493-4E76-B8C6-D64847414166}.Release|Any CPU.ActiveCfg = Release|Any CPU
		{D767DDF8-F493-4E76-B8C6-D64847414166}.Release|Any CPU.Build.0 = Release|Any CPU
	EndGlobalSection
	GlobalSection(SolutionProperties) = preSolution
		HideSolutionNode = FALSE
	EndGlobalSection
	GlobalSection(ExtensibilityGlobals) = postSolution
		SolutionGuid = {CD474674-677B-41CF-AE63-BF0F79619E7E}
	EndGlobalSection
EndGlobal
